<?xml version="1.0" encoding="utf-8"?>
<Project ToolsVersion="4.0" xmlns="http://schemas.microsoft.com/developer/msbuild/2003">
  <ItemGroup>
    <Filter Include="Исходные файлы">
      <UniqueIdentifier>{4FC737F1-C7A5-4376-A066-2A32D752A2FF}</UniqueIdentifier>
      <Extensions>cpp;c;cc;cxx;c++;cppm;ixx;def;odl;idl;hpj;bat;asm;asmx</Extensions>
    </Filter>
    <Filter Include="Файлы заголовков">
      <UniqueIdentifier>{93995380-89BD-4b04-88EB-625FBE52EBFB}</UniqueIdentifier>
      <Extensions>h;hh;hpp;hxx;h++;hm;inl;inc;ipp;xsd</Extensions>
    </Filter>
    <Filter Include="Файлы ресурсов">
      <UniqueIdentifier>{67DA6AB6-F800-4c08-8B7A-83BB121AAD01}</UniqueIdentifier>
      <Extensions>rc;ico;cur;bmp;dlg;rc2;rct;bin;rgs;gif;jpg;jpeg;jpe;resx;tiff;tif;png;wav;mfcribbon-ms</Extensions>
    </Filter>
    <Filter Include="AsmTools">
      <UniqueIdentifier>{c0fcb550-61e1-4d12-bb82-ad213eb8a161}</UniqueIdentifier>
    </Filter>
    <Filter Include="Main">
      <UniqueIdentifier>{d8d2fc32-8810-402c-987a-0e9a1d120e5f}</UniqueIdentifier>
    </Filter>
    <Filter Include="Panel">
      <UniqueIdentifier>{ddfa6998-039b-4c99-8953-6d1c6cc7a1f5}</UniqueIdentifier>
    </Filter>
    <Filter Include="AsmCommander">
      <UniqueIdentifier>{25f2c9af-9c90-4fad-a737-c7f533a2228f}</UniqueIdentifier>
    </Filter>
    <Filter Include="Common">
      <UniqueIdentifier>{a8f20c59-2068-401b-9f8c-bfae9f43e2e5}</UniqueIdentifier>
    </Filter>
  </ItemGroup>
  <ItemGroup>
    <MASM Include="AsmTools.asm">
      <Filter>AsmTools</Filter>
    </MASM>
  </ItemGroup>
  <ItemGroup>
    <ClCompile Include="Main.cpp">
      <Filter>Main</Filter>
    </ClCompile>
    <ClCompile Include="Panel.cpp">
      <Filter>Panel</Filter>
    </ClCompile>
    <ClCompile Include="AsmCommander.cpp">
      <Filter>AsmCommander</Filter>
    </ClCompile>
    <ClCompile Include="Common.cpp">
      <Filter>Common</Filter>
    </ClCompile>
  </ItemGroup>
  <ItemGroup>
    <ClInclude Include="Main.h">
      <Filter>Main</Filter>
    </ClInclude>
    <ClInclude Include="Panel.h">
      <Filter>Panel</Filter>
    </ClInclude>
    <ClInclude Include="AsmCommander.h">
      <Filter>AsmCommander</Filter>
    </ClInclude>
    <ClInclude Include="AsmToolsInterface.h">
      <Filter>AsmTools</Filter>
    </ClInclude>
    <ClInclude Include="Common.h">
      <Filter>Common</Filter>
    </ClInclude>
  </ItemGroup>
</Project>